
Microsoft Visual Studio Solution File, Format Version 12.00
# Visual Studio Version 17
VisualStudioVersion = 17.3.32825.248
MinimumVisualStudioVersion = 10.0.40219.1
Project("{9A19103F-16F7-4668-BE54-9A1E7A4F7556}") = "Service1", "Service1\Service1.csproj", "{12AAC246-3F5C-4B08-A147-3D870B539F73}"
EndProject
Project("{2150E333-8FDC-42A3-9474-1A3956D46DE8}") = "Solution Items", "Solution Items", "{8BFFAFF8-2D03-4F45-A488-FF406B5EF3E0}"
	ProjectSection(SolutionItems) = preProject
		deployment.yml = deployment.yml
		deployment2.yml = deployment2.yml
	EndProjectSection
EndProject
Project("{9A19103F-16F7-4668-BE54-9A1E7A4F7556}") = "Service2", "Service2\Service2.csproj", "{3DC0496E-6A42-4739-B316-9815CC8D6680}"
EndProject
Global
	GlobalSection(SolutionConfigurationPlatforms) = preSolution
		Debug|Any CPU = Debug|Any CPU
		Release|Any CPU = Release|Any CPU
	EndGlobalSection
	GlobalSection(ProjectConfigurationPlatforms) = postSolution
		{12AAC246-3F5C-4B08-A147-3D870B539F73}.Debug|Any CPU.ActiveCfg = Debug|Any CPU
		{12AAC246-3F5C-4B08-A147-3D870B539F73}.Debug|Any CPU.Build.0 = Debug|Any CPU
		{12AAC246-3F5C-4B08-A147-3D870B539F73}.Release|Any CPU.ActiveCfg = Release|Any CPU
		{12AAC246-3F5C-4B08-A147-3D870B539F73}.Release|Any CPU.Build.0 = Release|Any CPU
		{3DC0496E-6A42-4739-B316-9815CC8D6680}.Debug|Any CPU.ActiveCfg = Debug|Any CPU
		{3DC0496E-6A42-4739-B316-9815CC8D6680}.Debug|Any CPU.Build.0 = Debug|Any CPU
		{3DC0496E-6A42-4739-B316-9815CC8D6680}.Release|Any CPU.ActiveCfg = Release|Any CPU
		{3DC0496E-6A42-4739-B316-9815CC8D6680}.Release|Any CPU.Build.0 = Release|Any CPU
	EndGlobalSection
	GlobalSection(SolutionProperties) = preSolution
		HideSolutionNode = FALSE
	EndGlobalSection
	GlobalSection(ExtensibilityGlobals) = postSolution
		SolutionGuid = {2AFCDAC0-7E09-4DC2-B014-AD4A25A361C7}
	EndGlobalSection
EndGlobal
